
Microsoft Visual Studio Solution File, Format Version 12.00
# Visual Studio 15
VisualStudioVersion = 15.0.28307.489
MinimumVisualStudioVersion = 10.0.40219.1
Project("{FAE04EC0-301F-11D3-BF4B-00C04F79EFBC}") = "Tris", "Tris\Tris.csproj", "{E3ACCC44-B763-4724-AEF5-130BC6705D19}"
EndProject
Project("{FAE04EC0-301F-11D3-BF4B-00C04F79EFBC}") = "GameEngine", "GameEngine\GameEngine.csproj", "{5E921563-B2BC-425E-913B-B19EF06FE157}"
EndProject
Global
	GlobalSection(SolutionConfigurationPlatforms) = preSolution
		Debug|Any CPU = Debug|Any CPU
		Release|Any CPU = Release|Any CPU
	EndGlobalSection
	GlobalSection(ProjectConfigurationPlatforms) = postSolution
		{E3ACCC44-B763-4724-AEF5-130BC6705D19}.Debug|Any CPU.ActiveCfg = Debug|Any CPU
		{E3ACCC44-B763-4724-AEF5-130BC6705D19}.Debug|Any CPU.Build.0 = Debug|Any CPU
		{E3ACCC44-B763-4724-AEF5-130BC6705D19}.Release|Any CPU.ActiveCfg = Release|Any CPU
		{E3ACCC44-B763-4724-AEF5-130BC6705D19}.Release|Any CPU.Build.0 = Release|Any CPU
		{5E921563-B2BC-425E-913B-B19EF06FE157}.Debug|Any CPU.ActiveCfg = Debug|Any CPU
		{5E921563-B2BC-425E-913B-B19EF06FE157}.Debug|Any CPU.Build.0 = Debug|Any CPU
		{5E921563-B2BC-425E-913B-B19EF06FE157}.Release|Any CPU.ActiveCfg = Release|Any CPU
		{5E921563-B2BC-425E-913B-B19EF06FE157}.Release|Any CPU.Build.0 = Release|Any CPU
	EndGlobalSection
	GlobalSection(SolutionProperties) = preSolution
		HideSolutionNode = FALSE
	EndGlobalSection
	GlobalSection(ExtensibilityGlobals) = postSolution
		SolutionGuid = {55F968C9-D9A4-4C73-8626-57C658F84283}
	EndGlobalSection
EndGlobal
